
Microsoft Visual Studio Solution File, Format Version 12.00
# Visual Studio Version 16
VisualStudioVersion = 16.0.29905.134
MinimumVisualStudioVersion = 10.0.40219.1
Project("{FAE04EC0-301F-11D3-BF4B-00C04F79EFBC}") = "netcoreDemo", "netcoreDemo.csproj", "{A2E999FF-3719-4CAE-B3FC-838AB9B1C66C}"
EndProject
Global
	GlobalSection(SolutionConfigurationPlatforms) = preSolution
		Debug|Any CPU = Debug|Any CPU
		Release|Any CPU = Release|Any CPU
	EndGlobalSection
	GlobalSection(ProjectConfigurationPlatforms) = postSolution
		{A2E999FF-3719-4CAE-B3FC-838AB9B1C66C}.Debug|Any CPU.ActiveCfg = Debug|Any CPU
		{A2E999FF-3719-4CAE-B3FC-838AB9B1C66C}.Debug|Any CPU.Build.0 = Debug|Any CPU
		{A2E999FF-3719-4CAE-B3FC-838AB9B1C66C}.Release|Any CPU.ActiveCfg = Release|Any CPU
		{A2E999FF-3719-4CAE-B3FC-838AB9B1C66C}.Release|Any CPU.Build.0 = Release|Any CPU
	EndGlobalSection
	GlobalSection(SolutionProperties) = preSolution
		HideSolutionNode = FALSE
	EndGlobalSection
	GlobalSection(ExtensibilityGlobals) = postSolution
		SolutionGuid = {24E7016E-4B65-4AD0-B2CE-0BEBE4798F36}
	EndGlobalSection
EndGlobal
